
Microsoft Visual Studio Solution File, Format Version 12.00
# Visual Studio Version 17
VisualStudioVersion = 17.0.31903.59
MinimumVisualStudioVersion = 10.0.40219.1
Project("{FAE04EC0-301F-11D3-BF4B-00C04F79EFBC}") = "API", "API\API.csproj", "{0840B92E-9E15-4F09-93F3-A5E15B743AF8}"
EndProject
Project("{FAE04EC0-301F-11D3-BF4B-00C04F79EFBC}") = "Core", "Core\Core.csproj", "{03E02A51-D3DA-4E38-8836-C430D3C8CDCD}"
EndProject
Project("{FAE04EC0-301F-11D3-BF4B-00C04F79EFBC}") = "Infrastructure", "Infrastructure\Infrastructure.csproj", "{BCCB85CF-8FA2-44E6-8646-63D64B6A6FF7}"
EndProject
Global
	GlobalSection(SolutionConfigurationPlatforms) = preSolution
		Debug|Any CPU = Debug|Any CPU
		Release|Any CPU = Release|Any CPU
	EndGlobalSection
	GlobalSection(SolutionProperties) = preSolution
		HideSolutionNode = FALSE
	EndGlobalSection
	GlobalSection(ProjectConfigurationPlatforms) = postSolution
		{0840B92E-9E15-4F09-93F3-A5E15B743AF8}.Debug|Any CPU.ActiveCfg = Debug|Any CPU
		{0840B92E-9E15-4F09-93F3-A5E15B743AF8}.Debug|Any CPU.Build.0 = Debug|Any CPU
		{0840B92E-9E15-4F09-93F3-A5E15B743AF8}.Release|Any CPU.ActiveCfg = Release|Any CPU
		{0840B92E-9E15-4F09-93F3-A5E15B743AF8}.Release|Any CPU.Build.0 = Release|Any CPU
		{03E02A51-D3DA-4E38-8836-C430D3C8CDCD}.Debug|Any CPU.ActiveCfg = Debug|Any CPU
		{03E02A51-D3DA-4E38-8836-C430D3C8CDCD}.Debug|Any CPU.Build.0 = Debug|Any CPU
		{03E02A51-D3DA-4E38-8836-C430D3C8CDCD}.Release|Any CPU.ActiveCfg = Release|Any CPU
		{03E02A51-D3DA-4E38-8836-C430D3C8CDCD}.Release|Any CPU.Build.0 = Release|Any CPU
		{BCCB85CF-8FA2-44E6-8646-63D64B6A6FF7}.Debug|Any CPU.ActiveCfg = Debug|Any CPU
		{BCCB85CF-8FA2-44E6-8646-63D64B6A6FF7}.Debug|Any CPU.Build.0 = Debug|Any CPU
		{BCCB85CF-8FA2-44E6-8646-63D64B6A6FF7}.Release|Any CPU.ActiveCfg = Release|Any CPU
		{BCCB85CF-8FA2-44E6-8646-63D64B6A6FF7}.Release|Any CPU.Build.0 = Release|Any CPU
	EndGlobalSection
EndGlobal
